github.com/Julusian/godocdown v0.0.0-20170816220326-6d19f8ff2df8/go.mod h1:INZr5t32rG59/5xeltqoCJoNY7e5x/3xoY9WSWVWg74=
github.com/davecgh/go-spew v1.1.0/go.mod h1:J7Y8YcW2NihsgmVo/mv3lAwl/skON4iLHjSsI+c5H38=
github.com/dvyukov/go-fuzz v0.0.0-20190516070045-5cc3605ccbb6 h1:JQBgIQumUT/1PnZs9cWQzx/xH+djYh+oGDLO8H68SWE=
github.com/dvyukov/go-fuzz v0.0.0-20190516070045-5cc3605ccbb6/go.mod h1:11Gm+ccJnvAhCNLlf5+cS9KjtbaD5I5zaZpFMsTHWTw=
github.com/dvyukov/go-fuzz-corpus v0.0.0-20190304103735-86a5af9d6842 h1:7ffpoBeHy8ml49lQ3VkaNmUW6I6+bp6CekgTpHgp8JM=
github.com/dvyukov/go-fuzz-corpus v0.0.0-20190304103735-86a5af9d6842/go.mod h1:aSQy4yPbyjNrXv8ANgj9BQacfss3bbmXTon1mFcwc1k=
github.com/elazarl/go-bindata-assetfs v1.0.0 h1:G/bYguwHIzWq9ZoyUQqrjTmJbbYn3j3CKKpKinvZLFk=
github.com/elazarl/go-bindata-assetfs v1.0.0/go.mod h1:v+YaWX3bdea5J/mo8dSETolEo7R71Vk1u8bnjau5yw4=
github.com/gomarkdown/markdown v0.0.0-20190222000725-ee6a7931a1e4 h1:vELsocEzlhM4lk2nhxolEaQrMp25u7/i9IX8s9uLads=
github.com/gomarkdown/markdown v0.0.0-20190222000725-ee6a7931a1e4/go.mod h1:gmFANS06wAVmF0B9yi65QKsRmPQ97tze7FRLswua+OY=
github.com/pmezard/go-difflib v1.0.0/go.mod h1:iKH77koFhYxTK1pcRnkKkqfTogsbg7gZNVY4sRDYZ/4=
github.com/robertkrimen/godocdown v0.0.0-20130622164427-0bfa04905481/go.mod h1:C9WhFzY47SzYBIvzFqSvHIR6ROgDo4TtdTuRaOMjF/s=
github.com/stephens2424/writerset v1.0.2 h1:znRLgU6g8RS5euYRcy004XeE4W+Tu44kALzy7ghPif8=
github.com/stephens2424/writerset v1.0.2/go.mod h1:aS2JhsMn6eA7e82oNmW4rfsgAOp9COBTTl8mzkwADnc=
github.com/stretchr/objx v0.1.0/go.mod h1:HFkY916IF+rwdDfMAkV7OtwuqBVzrE8GR6GFx+wExME=
github.com/stretchr/testify v1.3.0/go.mod h1:M5WIy9Dh21IEIfnGCwXGc5bZfKNJtfHm1UVUgZn+9EI=
golang.org/x/crypto v0.0.0-20190308221718-c2843e01d9a2/go.mod h1:djNgcEr1/C05ACkg1iLfiJU5Ep61QUkGW8qpdssI0+w=
golang.org/x/net v0.0.0-20190311183353-d8887717615a/go.mod h1:t9HGtf8HONx5eT2rtn7q6eTqICYqUVnKs3thJo3Qplg=
golang.org/x/sync v0.0.0-20190423024810-112230192c58/go.mod h1:RxMgew5VJxzue5/jJTE5uejpjVlOe/izrB70Jof72aM=
golang.org/x/sys v0.0.0-20190215142949-d0b11bdaac8a/go.mod h1:STP8DvDyc/dI5b8T5hshtkjS+E42TnysNCUPdjciGhY=
golang.org/x/text v0.3.0/go.mod h1:NqM8EUOU14njkJ3fqMW+pc6Ldnwhi/IjpwHt7yyuwOQ=
golang.org/x/tools v0.0.0-20190525145741-7be61e1b0e51 h1:RhYYBLDB5MoVkvoNGMNk+DSj7WoGhySvIvtEjTyiP74=
golang.org/x/tools v0.0.0-20190525145741-7be61e1b0e51/go.mod h1:RgjU9mgBXZiqYHBnxXauZ1Gv1EHHAz9KjViQ78xBX0Q=
